
Microsoft Visual Studio Solution File, Format Version 12.00
# Visual Studio Version 17
VisualStudioVersion = 17.9.34723.18
MinimumVisualStudioVersion = 10.0.40219.1
Project("{FAE04EC0-301F-11D3-BF4B-00C04F79EFBC}") = "25_Hang_N2_KiemThuTrangFahasa", "25_Hang_N2_KiemThuTrangFahasa\25_Hang_N2_KiemThuTrangFahasa.csproj", "{72CE351F-A96D-4A53-AEBC-17BFBB3DF31C}"
EndProject
Global
	GlobalSection(SolutionConfigurationPlatforms) = preSolution
		Debug|Any CPU = Debug|Any CPU
		Release|Any CPU = Release|Any CPU
	EndGlobalSection
	GlobalSection(ProjectConfigurationPlatforms) = postSolution
		{72CE351F-A96D-4A53-AEBC-17BFBB3DF31C}.Debug|Any CPU.ActiveCfg = Debug|Any CPU
		{72CE351F-A96D-4A53-AEBC-17BFBB3DF31C}.Debug|Any CPU.Build.0 = Debug|Any CPU
		{72CE351F-A96D-4A53-AEBC-17BFBB3DF31C}.Release|Any CPU.ActiveCfg = Release|Any CPU
		{72CE351F-A96D-4A53-AEBC-17BFBB3DF31C}.Release|Any CPU.Build.0 = Release|Any CPU
	EndGlobalSection
	GlobalSection(SolutionProperties) = preSolution
		HideSolutionNode = FALSE
	EndGlobalSection
	GlobalSection(ExtensibilityGlobals) = postSolution
		SolutionGuid = {417470E5-5B74-4FEC-97B6-48FCCB58AC16}
	EndGlobalSection
EndGlobal
